
Microsoft Visual Studio Solution File, Format Version 12.00
# Visual Studio Version 16
VisualStudioVersion = 16.0.31005.135
MinimumVisualStudioVersion = 10.0.40219.1
Project("{FAE04EC0-301F-11D3-BF4B-00C04F79EFBC}") = "QRGenerator", "QRGenerator\QRGenerator.csproj", "{8F96C1FF-BBD0-49B9-981E-B33007871D9E}"
EndProject
Global
	GlobalSection(SolutionConfigurationPlatforms) = preSolution
		Debug|Any CPU = Debug|Any CPU
		Release|Any CPU = Release|Any CPU
	EndGlobalSection
	GlobalSection(ProjectConfigurationPlatforms) = postSolution
		{8F96C1FF-BBD0-49B9-981E-B33007871D9E}.Debug|Any CPU.ActiveCfg = Debug|Any CPU
		{8F96C1FF-BBD0-49B9-981E-B33007871D9E}.Debug|Any CPU.Build.0 = Debug|Any CPU
		{8F96C1FF-BBD0-49B9-981E-B33007871D9E}.Release|Any CPU.ActiveCfg = Release|Any CPU
		{8F96C1FF-BBD0-49B9-981E-B33007871D9E}.Release|Any CPU.Build.0 = Release|Any CPU
	EndGlobalSection
	GlobalSection(SolutionProperties) = preSolution
		HideSolutionNode = FALSE
	EndGlobalSection
	GlobalSection(ExtensibilityGlobals) = postSolution
		SolutionGuid = {913C2D4E-6A40-4195-AF8D-6982FE5F5F58}
	EndGlobalSection
EndGlobal
